PODS:
  - PSPageControl (0.1.1):
    - UIImageViewAlignedSwift
  - UIImageViewAlignedSwift (0.2.1)

DEPENDENCIES:
  - PSPageControl (from `../`)

EXTERNAL SOURCES:
  PSPageControl:
    :path: "../"

SPEC CHECKSUMS:
  PSPageControl: a9d69a20867397174554e50198955b8399c1e410
  UIImageViewAlignedSwift: 141c6a7cb13189b63364bc645e2e9dd0fd1f7cc2

COCOAPODS: 0.39.0
